
Microsoft Visual Studio Solution File, Format Version 12.00
# Visual Studio 14
VisualStudioVersion = 14.0.24720.0
MinimumVisualStudioVersion = 10.0.40219.1
Project("{8BC9CEB8-8B4A-11D0-8D11-00A0C91BC942}") = "VgaShim", "VgaShim.vcxproj", "{BF774831-88E2-4BBE-AFB4-5B5FC05ECBB1}"
EndProject
Global
	GlobalSection(SolutionConfigurationPlatforms) = preSolution
		NA|NA = NA|NA
	EndGlobalSection
	GlobalSection(ProjectConfigurationPlatforms) = postSolution
		{BF774831-88E2-4BBE-AFB4-5B5FC05ECBB1}.NA|NA.ActiveCfg = NA|Win32
		{BF774831-88E2-4BBE-AFB4-5B5FC05ECBB1}.NA|NA.Build.0 = NA|Win32
	EndGlobalSection
	GlobalSection(SolutionProperties) = preSolution
		HideSolutionNode = TRUE
	EndGlobalSection
EndGlobal
